// !$*UTF8*$!
{
	archiveVersion = 1;
	classes = {
	};
	objectVersion = 56;
	objects = {

/* Begin PBXBuildFile section */
		9E21A4D82C82813800FDC018 /* Weather_AppApp.swift in Sources */ = {isa = PBXBuildFile; fileRef = 9E21A4D72C82813800FDC018 /* Weather_AppApp.swift */; };
		9E21A4DA2C82813800FDC018 /* ContentView.swift in Sources */ = {isa = PBXBuildFile; fileRef = 9E21A4D92C82813800FDC018 /* ContentView.swift */; };
		9E21A4DC2C82813800FDC018 /* Item.swift in Sources */ = {isa = PBXBuildFile; fileRef = 9E21A4DB2C82813800FDC018 /* Item.swift */; };
		9E21A4DE2C82813900FDC018 /* Assets.xcassets in Resources */ = {isa = PBXBuildFile; fileRef = 9E21A4DD2C82813900FDC018 /* Assets.xcassets */; };
		9E21A4E12C82813900FDC018 /* Preview Assets.xcassets in Resources */ = {isa = PBXBuildFile; fileRef = 9E21A4E02C82813900FDC018 /* Preview Assets.xcassets */; };
		9E21A4EB2C82813A00FDC018 /* Weather_AppTests.swift in Sources */ = {isa = PBXBuildFile; fileRef = 9E21A4EA2C82813A00FDC018 /* Weather_AppTests.swift */; };
		9E21A4F52C82813A00FDC018 /* Weather_AppUITests.swift in Sources */ = {isa = PBXBuildFile; fileRef = 9E21A4F42C82813A00FDC018 /* Weather_AppUITests.swift */; };
		9E21A4F72C82813A00FDC018 /* Weather_AppUITestsLaunchTests.swift in Sources */ = {isa = PBXBuildFile; fileRef = 9E21A4F62C82813A00FDC018 /* Weather_AppUITestsLaunchTests.swift */; };
		9E21A5052C828C3F00FDC018 /* LocationManager.swift in Sources */ = {isa = PBXBuildFile; fileRef = 9E21A5042C828C3F00FDC018 /* LocationManager.swift */; };
		9E21A5082C829D1900FDC018 /* begining.swift in Sources */ = {isa = PBXBuildFile; fileRef = 9E21A5072C829D1900FDC018 /* begining.swift */; };
		9E3442E52C83F1190026CA01 /* model.swift in Sources */ = {isa = PBXBuildFile; fileRef = 9E3442E42C83F1190026CA01 /* model.swift */; };
		9E3442E72C83F1D60026CA01 /* BERT.mlmodel in Sources */ = {isa = PBXBuildFile; fileRef = 9E3442E62C83F1D60026CA01 /* BERT.mlmodel */; };
		9E7E3FFE2C8457CA00F19D76 /* curr.swift in Sources */ = {isa = PBXBuildFile; fileRef = 9E7E3FFD2C8457CA00F19D76 /* curr.swift */; };
		9E7E40002C845E8100F19D76 /* WeatherFetchingView.swift in Sources */ = {isa = PBXBuildFile; fileRef = 9E7E3FFF2C845E8100F19D76 /* WeatherFetchingView.swift */; };
		9E9CD0252C84121600652B41 /* GoogleGenerativeAI in Frameworks */ = {isa = PBXBuildFile; productRef = 9E9CD0242C84121600652B41 /* GoogleGenerativeAI */; };
		9E9CD0272C84139500652B41 /* City.swift in Sources */ = {isa = PBXBuildFile; fileRef = 9E9CD0262C84139500652B41 /* City.swift */; };
		9E9CD0292C841FC800652B41 /* test.swift in Sources */ = {isa = PBXBuildFile; fileRef = 9E9CD0282C841FC800652B41 /* test.swift */; };
		9E9E62352C82C31C0057FB05 /* WeatherManager.swift in Sources */ = {isa = PBXBuildFile; fileRef = 9E9E62342C82C31C0057FB05 /* WeatherManager.swift */; };
		9EC900632C83C7E6001F2EAD /* loading.swift in Sources */ = {isa = PBXBuildFile; fileRef = 9EC900622C83C7E6001F2EAD /* loading.swift */; };
		9EC900672C83CD24001F2EAD /* data.swift in Sources */ = {isa = PBXBuildFile; fileRef = 9EC900662C83CD24001F2EAD /* data.swift */; };
/* End PBXBuildFile section */

/* Begin PBXContainerItemProxy section */
		9E21A4E72C82813A00FDC018 /* PBXContainerItemProxy */ = {
			isa = PBXContainerItemProxy;
			containerPortal = 9E21A4CC2C82813800FDC018 /* Project object */;
			proxyType = 1;
			remoteGlobalIDString = 9E21A4D32C82813800FDC018;
			remoteInfo = Weather_App;
		};
		9E21A4F12C82813A00FDC018 /* PBXContainerItemProxy */ = {
			isa = PBXContainerItemProxy;
			containerPortal = 9E21A4CC2C82813800FDC018 /* Project object */;
			proxyType = 1;
			remoteGlobalIDString = 9E21A4D32C82813800FDC018;
			remoteInfo = Weather_App;
		};
/* End PBXContainerItemProxy section */

/* Begin PBXFileReference section */
		9E21A4D42C82813800FDC018 /* Weather_App.app */ = {isa = PBXFileReference; explicitFileType = wrapper.application; includeInIndex = 0; path = Weather_App.app; sourceTree = BUILT_PRODUCTS_DIR; };
		9E21A4D72C82813800FDC018 /* Weather_AppApp.swift */ = {isa = PBXFileReference; lastKnownFileType = sourcecode.swift; path = Weather_AppApp.swift; sourceTree = "<group>"; };
		9E21A4D92C82813800FDC018 /* ContentView.swift */ = {isa = PBXFileReference; lastKnownFileType = sourcecode.swift; path = ContentView.swift; sourceTree = "<group>"; usesTabs = 0; };
		9E21A4DB2C82813800FDC018 /* Item.swift */ = {isa = PBXFileReference; lastKnownFileType = sourcecode.swift; path = Item.swift; sourceTree = "<group>"; };
		9E21A4DD2C82813900FDC018 /* Assets.xcassets */ = {isa = PBXFileReference; lastKnownFileType = folder.assetcatalog; path = Assets.xcassets; sourceTree = "<group>"; };
		9E21A4E02C82813900FDC018 /* Preview Assets.xcassets */ = {isa = PBXFileReference; lastKnownFileType = folder.assetcatalog; path = "Preview Assets.xcassets"; sourceTree = "<group>"; };
		9E21A4E62C82813A00FDC018 /* Weather_AppTests.xctest */ = {isa = PBXFileReference; explicitFileType = wrapper.cfbundle; includeInIndex = 0; path = Weather_AppTests.xctest; sourceTree = BUILT_PRODUCTS_DIR; };
		9E21A4EA2C82813A00FDC018 /* Weather_AppTests.swift */ = {isa = PBXFileReference; lastKnownFileType = sourcecode.swift; path = Weather_AppTests.swift; sourceTree = "<group>"; };
		9E21A4F02C82813A00FDC018 /* Weather_AppUITests.xctest */ = {isa = PBXFileReference; explicitFileType = wrapper.cfbundle; includeInIndex = 0; path = Weather_AppUITests.xctest; sourceTree = BUILT_PRODUCTS_DIR; };
		9E21A4F42C82813A00FDC018 /* Weather_AppUITests.swift */ = {isa = PBXFileReference; lastKnownFileType = sourcecode.swift; path = Weather_AppUITests.swift; sourceTree = "<group>"; };
		9E21A4F62C82813A00FDC018 /* Weather_AppUITestsLaunchTests.swift */ = {isa = PBXFileReference; lastKnownFileType = sourcecode.swift; path = Weather_AppUITestsLaunchTests.swift; sourceTree = "<group>"; };
		9E21A5042C828C3F00FDC018 /* LocationManager.swift */ = {isa = PBXFileReference; lastKnownFileType = sourcecode.swift; path = LocationManager.swift; sourceTree = "<group>"; };
		9E21A5062C82901600FDC018 /* Weather-App-Info.plist */ = {isa = PBXFileReference; lastKnownFileType = text.plist; path = "Weather-App-Info.plist"; sourceTree = SOURCE_ROOT; };
		9E21A5072C829D1900FDC018 /* begining.swift */ = {isa = PBXFileReference; lastKnownFileType = sourcecode.swift; path = begining.swift; sourceTree = "<group>"; };
		9E3442E42C83F1190026CA01 /* model.swift */ = {isa = PBXFileReference; lastKnownFileType = sourcecode.swift; path = model.swift; sourceTree = "<group>"; };
		9E3442E62C83F1D60026CA01 /* BERT.mlmodel */ = {isa = PBXFileReference; lastKnownFileType = file.mlmodel; name = BERT.mlmodel; path = ../../../Downloads/BERT.mlmodel; sourceTree = "<group>"; };
		9E7E3FFD2C8457CA00F19D76 /* curr.swift */ = {isa = PBXFileReference; lastKnownFileType = sourcecode.swift; path = curr.swift; sourceTree = "<group>"; };
		9E7E3FFF2C845E8100F19D76 /* WeatherFetchingView.swift */ = {isa = PBXFileReference; lastKnownFileType = sourcecode.swift; path = WeatherFetchingView.swift; sourceTree = "<group>"; };
		9E9CD0262C84139500652B41 /* City.swift */ = {isa = PBXFileReference; lastKnownFileType = sourcecode.swift; path = City.swift; sourceTree = "<group>"; };
		9E9CD0282C841FC800652B41 /* test.swift */ = {isa = PBXFileReference; lastKnownFileType = sourcecode.swift; path = test.swift; sourceTree = "<group>"; };
		9E9E62342C82C31C0057FB05 /* WeatherManager.swift */ = {isa = PBXFileReference; lastKnownFileType = sourcecode.swift; path = WeatherManager.swift; sourceTree = "<group>"; };
		9EC900622C83C7E6001F2EAD /* loading.swift */ = {isa = PBXFileReference; lastKnownFileType = sourcecode.swift; path = loading.swift; sourceTree = "<group>"; };
		9EC900662C83CD24001F2EAD /* data.swift */ = {isa = PBXFileReference; lastKnownFileType = sourcecode.swift; path = data.swift; sourceTree = "<group>"; };
/* End PBXFileReference section */

/* Begin PBXFrameworksBuildPhase section */
		9E21A4D12C82813800FDC018 /* Frameworks */ = {
			isa = PBXFrameworksBuildPhase;
			buildActionMask = 2147483647;
			files = (
				9E9CD0252C84121600652B41 /* GoogleGenerativeAI in Frameworks */,
			);
			runOnlyForDeploymentPostprocessing = 0;
		};
		9E21A4E32C82813A00FDC018 /* Frameworks */ = {
			isa = PBXFrameworksBuildPhase;
			buildActionMask = 2147483647;
			files = (
			);
			runOnlyForDeploymentPostprocessing = 0;
		};
		9E21A4ED2C82813A00FDC018 /* Frameworks */ = {
			isa = PBXFrameworksBuildPhase;
			buildActionMask = 2147483647;
			files = (
			);
			runOnlyForDeploymentPostprocessing = 0;
		};
/* End PBXFrameworksBuildPhase section */

/* Begin PBXGroup section */
		9E21A4CB2C82813800FDC018 = {
			isa = PBXGroup;
			children = (
				9E21A4D62C82813800FDC018 /* Weather_App */,
				9E21A4E92C82813A00FDC018 /* Weather_AppTests */,
				9E21A4F32C82813A00FDC018 /* Weather_AppUITests */,
				9E21A4D52C82813800FDC018 /* Products */,
			);
			sourceTree = "<group>";
		};
		9E21A4D52C82813800FDC018 /* Products */ = {
			isa = PBXGroup;
			children = (
				9E21A4D42C82813800FDC018 /* Weather_App.app */,
				9E21A4E62C82813A00FDC018 /* Weather_AppTests.xctest */,
				9E21A4F02C82813A00FDC018 /* Weather_AppUITests.xctest */,
			);
			name = Products;
			sourceTree = "<group>";
		};
		9E21A4D62C82813800FDC018 /* Weather_App */ = {
			isa = PBXGroup;
			children = (
				9E21A5062C82901600FDC018 /* Weather-App-Info.plist */,
				9E21A5032C828C2200FDC018 /* Manager */,
				9E21A4D72C82813800FDC018 /* Weather_AppApp.swift */,
				9E21A5072C829D1900FDC018 /* begining.swift */,
				9E21A4D92C82813800FDC018 /* ContentView.swift */,
				9E9CD0282C841FC800652B41 /* test.swift */,
				9EC900622C83C7E6001F2EAD /* loading.swift */,
				9E3442E42C83F1190026CA01 /* model.swift */,
				9E9CD0262C84139500652B41 /* City.swift */,
				9E7E3FFD2C8457CA00F19D76 /* curr.swift */,
				9E7E3FFF2C845E8100F19D76 /* WeatherFetchingView.swift */,
				9E3442E62C83F1D60026CA01 /* BERT.mlmodel */,
				9E21A4DB2C82813800FDC018 /* Item.swift */,
				9EC900662C83CD24001F2EAD /* data.swift */,
				9E21A4DD2C82813900FDC018 /* Assets.xcassets */,
				9E21A4DF2C82813900FDC018 /* Preview Content */,
			);
			path = Weather_App;
			sourceTree = "<group>";
		};
		9E21A4DF2C82813900FDC018 /* Preview Content */ = {
			isa = PBXGroup;
			children = (
				9E21A4E02C82813900FDC018 /* Preview Assets.xcassets */,
			);
			path = "Preview Content";
			sourceTree = "<group>";
		};
		9E21A4E92C82813A00FDC018 /* Weather_AppTests */ = {
			isa = PBXGroup;
			children = (
				9E21A4EA2C82813A00FDC018 /* Weather_AppTests.swift */,
			);
			path = Weather_AppTests;
			sourceTree = "<group>";
		};
		9E21A4F32C82813A00FDC018 /* Weather_AppUITests */ = {
			isa = PBXGroup;
			children = (
				9E21A4F42C82813A00FDC018 /* Weather_AppUITests.swift */,
				9E21A4F62C82813A00FDC018 /* Weather_AppUITestsLaunchTests.swift */,
			);
			path = Weather_AppUITests;
			sourceTree = "<group>";
		};
		9E21A5032C828C2200FDC018 /* Manager */ = {
			isa = PBXGroup;
			children = (
				9E21A5042C828C3F00FDC018 /* LocationManager.swift */,
				9E9E62342C82C31C0057FB05 /* WeatherManager.swift */,
			);
			path = Manager;
			sourceTree = "<group>";
		};
/* End PBXGroup section */

/* Begin PBXNativeTarget section */
		9E21A4D32C82813800FDC018 /* Weather_App */ = {
			isa = PBXNativeTarget;
			buildConfigurationList = 9E21A4FA2C82813A00FDC018 /* Build configuration list for PBXNativeTarget "Weather_App" */;
			buildPhases = (
				9E21A4D02C82813800FDC018 /* Sources */,
				9E21A4D12C82813800FDC018 /* Frameworks */,
				9E21A4D22C82813800FDC018 /* Resources */,
			);
			buildRules = (
			);
			dependencies = (
			);
			name = Weather_App;
			packageProductDependencies = (
				9E9CD0242C84121600652B41 /* GoogleGenerativeAI */,
			);
			productName = Weather_App;
			productReference = 9E21A4D42C82813800FDC018 /* Weather_App.app */;
			productType = "com.apple.product-type.application";
		};
		9E21A4E52C82813A00FDC018 /* Weather_AppTests */ = {
			isa = PBXNativeTarget;
			buildConfigurationList = 9E21A4FD2C82813A00FDC018 /* Build configuration list for PBXNativeTarget "Weather_AppTests" */;
			buildPhases = (
				9E21A4E22C82813A00FDC018 /* Sources */,
				9E21A4E32C82813A00FDC018 /* Frameworks */,
				9E21A4E42C82813A00FDC018 /* Resources */,
			);
			buildRules = (
			);
			dependencies = (
				9E21A4E82C82813A00FDC018 /* PBXTargetDependency */,
			);
			name = Weather_AppTests;
			productName = Weather_AppTests;
			productReference = 9E21A4E62C82813A00FDC018 /* Weather_AppTests.xctest */;
			productType = "com.apple.product-type.bundle.unit-test";
		};
		9E21A4EF2C82813A00FDC018 /* Weather_AppUITests */ = {
			isa = PBXNativeTarget;
			buildConfigurationList = 9E21A5002C82813A00FDC018 /* Build configuration list for PBXNativeTarget "Weather_AppUITests" */;
			buildPhases = (
				9E21A4EC2C82813A00FDC018 /* Sources */,
				9E21A4ED2C82813A00FDC018 /* Frameworks */,
				9E21A4EE2C82813A00FDC018 /* Resources */,
			);
			buildRules = (
			);
			dependencies = (
				9E21A4F22C82813A00FDC018 /* PBXTargetDependency */,
			);
			name = Weather_AppUITests;
			productName = Weather_AppUITests;
			productReference = 9E21A4F02C82813A00FDC018 /* Weather_AppUITests.xctest */;
			productType = "com.apple.product-type.bundle.ui-testing";
		};
/* End PBXNativeTarget section */

/* Begin PBXProject section */
		9E21A4CC2C82813800FDC018 /* Project object */ = {
			isa = PBXProject;
			attributes = {
				BuildIndependentTargetsInParallel = 1;
				LastSwiftUpdateCheck = 1540;
				LastUpgradeCheck = 1540;
				TargetAttributes = {
					9E21A4D32C82813800FDC018 = {
						CreatedOnToolsVersion = 15.4;
					};
					9E21A4E52C82813A00FDC018 = {
						CreatedOnToolsVersion = 15.4;
						TestTargetID = 9E21A4D32C82813800FDC018;
					};
					9E21A4EF2C82813A00FDC018 = {
						CreatedOnToolsVersion = 15.4;
						TestTargetID = 9E21A4D32C82813800FDC018;
					};
				};
			};
			buildConfigurationList = 9E21A4CF2C82813800FDC018 /* Build configuration list for PBXProject "Weather_App" */;
			compatibilityVersion = "Xcode 14.0";
			developmentRegion = en;
			hasScannedForEncodings = 0;
			knownRegions = (
				en,
				Base,
			);
			mainGroup = 9E21A4CB2C82813800FDC018;
			packageReferences = (
				9E9CD0232C84109A00652B41 /* XCRemoteSwiftPackageReference "generative-ai-swift" */,
			);
			productRefGroup = 9E21A4D52C82813800FDC018 /* Products */;
			projectDirPath = "";
			projectRoot = "";
			targets = (
				9E21A4D32C82813800FDC018 /* Weather_App */,
				9E21A4E52C82813A00FDC018 /* Weather_AppTests */,
				9E21A4EF2C82813A00FDC018 /* Weather_AppUITests */,
			);
		};
/* End PBXProject section */

/* Begin PBXResourcesBuildPhase section */
		9E21A4D22C82813800FDC018 /* Resources */ = {
			isa = PBXResourcesBuildPhase;
			buildActionMask = 2147483647;
			files = (
				9E21A4E12C82813900FDC018 /* Preview Assets.xcassets in Resources */,
				9E21A4DE2C82813900FDC018 /* Assets.xcassets in Resources */,
			);
			runOnlyForDeploymentPostprocessing = 0;
		};
		9E21A4E42C82813A00FDC018 /* Resources */ = {
			isa = PBXResourcesBuildPhase;
			buildActionMask = 2147483647;
			files = (
			);
			runOnlyForDeploymentPostprocessing = 0;
		};
		9E21A4EE2C82813A00FDC018 /* Resources */ = {
			isa = PBXResourcesBuildPhase;
			buildActionMask = 2147483647;
			files = (
			);
			runOnlyForDeploymentPostprocessing = 0;
		};
/* End PBXResourcesBuildPhase section */

/* Begin PBXSourcesBuildPhase section */
		9E21A4D02C82813800FDC018 /* Sources */ = {
			isa = PBXSourcesBuildPhase;
			buildActionMask = 2147483647;
			files = (
				9E9E62352C82C31C0057FB05 /* WeatherManager.swift in Sources */,
				9E9CD0292C841FC800652B41 /* test.swift in Sources */,
				9E21A4DA2C82813800FDC018 /* ContentView.swift in Sources */,
				9E21A5052C828C3F00FDC018 /* LocationManager.swift in Sources */,
				9E7E3FFE2C8457CA00F19D76 /* curr.swift in Sources */,
				9E7E40002C845E8100F19D76 /* WeatherFetchingView.swift in Sources */,
				9EC900632C83C7E6001F2EAD /* loading.swift in Sources */,
				9E3442E52C83F1190026CA01 /* model.swift in Sources */,
				9E21A4DC2C82813800FDC018 /* Item.swift in Sources */,
				9E3442E72C83F1D60026CA01 /* BERT.mlmodel in Sources */,
				9E9CD0272C84139500652B41 /* City.swift in Sources */,
				9E21A4D82C82813800FDC018 /* Weather_AppApp.swift in Sources */,
				9E21A5082C829D1900FDC018 /* begining.swift in Sources */,
				9EC900672C83CD24001F2EAD /* data.swift in Sources */,
			);
			runOnlyForDeploymentPostprocessing = 0;
		};
		9E21A4E22C82813A00FDC018 /* Sources */ = {
			isa = PBXSourcesBuildPhase;
			buildActionMask = 2147483647;
			files = (
				9E21A4EB2C82813A00FDC018 /* Weather_AppTests.swift in Sources */,
			);
			runOnlyForDeploymentPostprocessing = 0;
		};
		9E21A4EC2C82813A00FDC018 /* Sources */ = {
			isa = PBXSourcesBuildPhase;
			buildActionMask = 2147483647;
			files = (
				9E21A4F52C82813A00FDC018 /* Weather_AppUITests.swift in Sources */,
				9E21A4F72C82813A00FDC018 /* Weather_AppUITestsLaunchTests.swift in Sources */,
			);
			runOnlyForDeploymentPostprocessing = 0;
		};
/* End PBXSourcesBuildPhase section */

/* Begin PBXTargetDependency section */
		9E21A4E82C82813A00FDC018 /* PBXTargetDependency */ = {
			isa = PBXTargetDependency;
			target = 9E21A4D32C82813800FDC018 /* Weather_App */;
			targetProxy = 9E21A4E72C82813A00FDC018 /* PBXContainerItemProxy */;
		};
		9E21A4F22C82813A00FDC018 /* PBXTargetDependency */ = {
			isa = PBXTargetDependency;
			target = 9E21A4D32C82813800FDC018 /* Weather_App */;
			targetProxy = 9E21A4F12C82813A00FDC018 /* PBXContainerItemProxy */;
		};
/* End PBXTargetDependency section */

/* Begin XCBuildConfiguration section */
		9E21A4F82C82813A00FDC018 /* Debug */ = {
			isa = XCBuildConfiguration;
			buildSettings = {
				ALWAYS_SEARCH_USER_PATHS = NO;
				ASSETCATALOG_COMPILER_GENERATE_SWIFT_ASSET_SYMBOL_EXTENSIONS = YES;
				CLANG_ANALYZER_NONNULL = YES;
				CLANG_ANALYZER_NUMBER_OBJECT_CONVERSION = YES_AGGRESSIVE;
				CLANG_CXX_LANGUAGE_STANDARD = "gnu++20";
				CLANG_ENABLE_MODULES = YES;
				CLANG_ENABLE_OBJC_ARC = YES;
				CLANG_ENABLE_OBJC_WEAK = YES;
				CLANG_WARN_BLOCK_CAPTURE_AUTORELEASING = YES;
				CLANG_WARN_BOOL_CONVERSION = YES;
				CLANG_WARN_COMMA = YES;
				CLANG_WARN_CONSTANT_CONVERSION = YES;
				CLANG_WARN_DEPRECATED_OBJC_IMPLEMENTATIONS = YES;
				CLANG_WARN_DIRECT_OBJC_ISA_USAGE = YES_ERROR;
				CLANG_WARN_DOCUMENTATION_COMMENTS = YES;
				CLANG_WARN_EMPTY_BODY = YES;
				CLANG_WARN_ENUM_CONVERSION = YES;
				CLANG_WARN_INFINITE_RECURSION = YES;
				CLANG_WARN_INT_CONVERSION = YES;
				CLANG_WARN_NON_LITERAL_NULL_CONVERSION = YES;
				CLANG_WARN_OBJC_IMPLICIT_RETAIN_SELF = YES;
				CLANG_WARN_OBJC_LITERAL_CONVERSION = YES;
				CLANG_WARN_OBJC_ROOT_CLASS = YES_ERROR;
				CLANG_WARN_QUOTED_INCLUDE_IN_FRAMEWORK_HEADER = YES;
				CLANG_WARN_RANGE_LOOP_ANALYSIS = YES;
				CLANG_WARN_STRICT_PROTOTYPES = YES;
				CLANG_WARN_SUSPICIOUS_MOVE = YES;
				CLANG_WARN_UNGUARDED_AVAILABILITY = YES_AGGRESSIVE;
				CLANG_WARN_UNREACHABLE_CODE = YES;
				CLANG_WARN__DUPLICATE_METHOD_MATCH = YES;
				COPY_PHASE_STRIP = NO;
				DEBUG_INFORMATION_FORMAT = dwarf;
				ENABLE_STRICT_OBJC_MSGSEND = YES;
				ENABLE_TESTABILITY = YES;
				ENABLE_USER_SCRIPT_SANDBOXING = YES;
				GCC_C_LANGUAGE_STANDARD = gnu17;
				GCC_DYNAMIC_NO_PIC = NO;
				GCC_NO_COMMON_BLOCKS = YES;
				GCC_OPTIMIZATION_LEVEL = 0;
				GCC_PREPROCESSOR_DEFINITIONS = (
					"DEBUG=1",
					"$(inherited)",
				);
				GCC_WARN_64_TO_32_BIT_CONVERSION = YES;
				GCC_WARN_ABOUT_RETURN_TYPE = YES_ERROR;
				GCC_WARN_UNDECLARED_SELECTOR = YES;
				GCC_WARN_UNINITIALIZED_AUTOS = YES_AGGRESSIVE;
				GCC_WARN_UNUSED_FUNCTION = YES;
				GCC_WARN_UNUSED_VARIABLE = YES;
				IPHONEOS_DEPLOYMENT_TARGET = 17.5;
				LOCALIZATION_PREFERS_STRING_CATALOGS = YES;
				MTL_ENABLE_DEBUG_INFO = INCLUDE_SOURCE;
				MTL_FAST_MATH = YES;
				ONLY_ACTIVE_ARCH = YES;
				SDKROOT = iphoneos;
				SWIFT_ACTIVE_COMPILATION_CONDITIONS = "DEBUG $(inherited)";
				SWIFT_OPTIMIZATION_LEVEL = "-Onone";
			};
			name = Debug;
		};
		9E21A4F92C82813A00FDC018 /* Release */ = {
			isa = XCBuildConfiguration;
			buildSettings = {
				ALWAYS_SEARCH_USER_PATHS = NO;
				ASSETCATALOG_COMPILER_GENERATE_SWIFT_ASSET_SYMBOL_EXTENSIONS = YES;
				CLANG_ANALYZER_NONNULL = YES;
				CLANG_ANALYZER_NUMBER_OBJECT_CONVERSION = YES_AGGRESSIVE;
				CLANG_CXX_LANGUAGE_STANDARD = "gnu++20";
				CLANG_ENABLE_MODULES = YES;
				CLANG_ENABLE_OBJC_ARC = YES;
				CLANG_ENABLE_OBJC_WEAK = YES;
				CLANG_WARN_BLOCK_CAPTURE_AUTORELEASING = YES;
				CLANG_WARN_BOOL_CONVERSION = YES;
				CLANG_WARN_COMMA = YES;
				CLANG_WARN_CONSTANT_CONVERSION = YES;
				CLANG_WARN_DEPRECATED_OBJC_IMPLEMENTATIONS = YES;
				CLANG_WARN_DIRECT_OBJC_ISA_USAGE = YES_ERROR;
				CLANG_WARN_DOCUMENTATION_COMMENTS = YES;
				CLANG_WARN_EMPTY_BODY = YES;
				CLANG_WARN_ENUM_CONVERSION = YES;
				CLANG_WARN_INFINITE_RECURSION = YES;
				CLANG_WARN_INT_CONVERSION = YES;
				CLANG_WARN_NON_LITERAL_NULL_CONVERSION = YES;
				CLANG_WARN_OBJC_IMPLICIT_RETAIN_SELF = YES;
				CLANG_WARN_OBJC_LITERAL_CONVERSION = YES;
				CLANG_WARN_OBJC_ROOT_CLASS = YES_ERROR;
				CLANG_WARN_QUOTED_INCLUDE_IN_FRAMEWORK_HEADER = YES;
				CLANG_WARN_RANGE_LOOP_ANALYSIS = YES;
				CLANG_WARN_STRICT_PROTOTYPES = YES;
				CLANG_WARN_SUSPICIOUS_MOVE = YES;
				CLANG_WARN_UNGUARDED_AVAILABILITY = YES_AGGRESSIVE;
				CLANG_WARN_UNREACHABLE_CODE = YES;
				CLANG_WARN__DUPLICATE_METHOD_MATCH = YES;
				COPY_PHASE_STRIP = NO;
				DEBUG_INFORMATION_FORMAT = "dwarf-with-dsym";
				ENABLE_NS_ASSERTIONS = NO;
				ENABLE_STRICT_OBJC_MSGSEND = YES;
				ENABLE_USER_SCRIPT_SANDBOXING = YES;
				GCC_C_LANGUAGE_STANDARD = gnu17;
				GCC_NO_COMMON_BLOCKS = YES;
				GCC_WARN_64_TO_32_BIT_CONVERSION = YES;
				GCC_WARN_ABOUT_RETURN_TYPE = YES_ERROR;
				GCC_WARN_UNDECLARED_SELECTOR = YES;
				GCC_WARN_UNINITIALIZED_AUTOS = YES_AGGRESSIVE;
				GCC_WARN_UNUSED_FUNCTION = YES;
				GCC_WARN_UNUSED_VARIABLE = YES;
				IPHONEOS_DEPLOYMENT_TARGET = 17.5;
				LOCALIZATION_PREFERS_STRING_CATALOGS = YES;
				MTL_ENABLE_DEBUG_INFO = NO;
				MTL_FAST_MATH = YES;
				SDKROOT = iphoneos;
				SWIFT_COMPILATION_MODE = wholemodule;
				VALIDATE_PRODUCT = YES;
			};
			name = Release;
		};
		9E21A4FB2C82813A00FDC018 /* Debug */ = {
			isa = XCBuildConfiguration;
			buildSettings = {
				ASSETCATALOG_COMPILER_APPICON_NAME = AppIcon;
				ASSETCATALOG_COMPILER_GLOBAL_ACCENT_COLOR_NAME = AccentColor;
				CODE_SIGN_STYLE = Automatic;
				CURRENT_PROJECT_VERSION = 1;
				DEVELOPMENT_ASSET_PATHS = "\"Weather_App/Preview Content\"";
				DEVELOPMENT_TEAM = XZ6MATXMN3;
				ENABLE_PREVIEWS = YES;
				GENERATE_INFOPLIST_FILE = YES;
				INFOPLIST_FILE = "Weather-App-Info.plist";
				INFOPLIST_KEY_CFBundleDisplayName = com.yourcompany.weatherapp;
				INFOPLIST_KEY_LSApplicationCategoryType = "public.app-category.developer-tools";
				INFOPLIST_KEY_NSLocationAlwaysAndWhenInUseUsageDescription = "“This app needs your location to provide the best features based on location.”";
				INFOPLIST_KEY_NSLocationWhenInUseUsageDescription = "“This app needs your location to provide the best features based on location.”";
				INFOPLIST_KEY_UIApplicationSceneManifest_Generation = YES;
				INFOPLIST_KEY_UIApplicationSupportsIndirectInputEvents = YES;
				INFOPLIST_KEY_UILaunchScreen_Generation = YES;
				INFOPLIST_KEY_UISupportedInterfaceOrientations_iPad = "UIInterfaceOrientationPortrait UIInterfaceOrientationPortraitUpsideDown UIInterfaceOrientationLandscapeLeft UIInterfaceOrientationLandscapeRight";
				INFOPLIST_KEY_UISupportedInterfaceOrientations_iPhone = "UIInterfaceOrientationPortrait UIInterfaceOrientationLandscapeLeft UIInterfaceOrientationLandscapeRight";
				LD_RUNPATH_SEARCH_PATHS = (
					"$(inherited)",
					"@executable_path/Frameworks",
				);
				MARKETING_VERSION = 1.0;
				PRODUCT_BUNDLE_IDENTIFIER = "somethingrand.Weather-App";
				PRODUCT_NAME = "$(TARGET_NAME)";
				SWIFT_EMIT_LOC_STRINGS = YES;
				SWIFT_VERSION = 5.0;
				TARGETED_DEVICE_FAMILY = "1,2";
			};
			name = Debug;
		};
		9E21A4FC2C82813A00FDC018 /* Release */ = {
			isa = XCBuildConfiguration;
			buildSettings = {
				ASSETCATALOG_COMPILER_APPICON_NAME = AppIcon;
				ASSETCATALOG_COMPILER_GLOBAL_ACCENT_COLOR_NAME = AccentColor;
				CODE_SIGN_STYLE = Automatic;
				CURRENT_PROJECT_VERSION = 1;
				DEVELOPMENT_ASSET_PATHS = "\"Weather_App/Preview Content\"";
				DEVELOPMENT_TEAM = XZ6MATXMN3;
				ENABLE_PREVIEWS = YES;
				GENERATE_INFOPLIST_FILE = YES;
				INFOPLIST_FILE = "Weather-App-Info.plist";
				INFOPLIST_KEY_CFBundleDisplayName = com.yourcompany.weatherapp;
				INFOPLIST_KEY_LSApplicationCategoryType = "public.app-category.developer-tools";
				INFOPLIST_KEY_NSLocationAlwaysAndWhenInUseUsageDescription = "“This app needs your location to provide the best features based on location.”";
				INFOPLIST_KEY_NSLocationWhenInUseUsageDescription = "“This app needs your location to provide the best features based on location.”";
				INFOPLIST_KEY_UIApplicationSceneManifest_Generation = YES;
				INFOPLIST_KEY_UIApplicationSupportsIndirectInputEvents = YES;
				INFOPLIST_KEY_UILaunchScreen_Generation = YES;
				INFOPLIST_KEY_UISupportedInterfaceOrientations_iPad = "UIInterfaceOrientationPortrait UIInterfaceOrientationPortraitUpsideDown UIInterfaceOrientationLandscapeLeft UIInterfaceOrientationLandscapeRight";
				INFOPLIST_KEY_UISupportedInterfaceOrientations_iPhone = "UIInterfaceOrientationPortrait UIInterfaceOrientationLandscapeLeft UIInterfaceOrientationLandscapeRight";
				LD_RUNPATH_SEARCH_PATHS = (
					"$(inherited)",
					"@executable_path/Frameworks",
				);
				MARKETING_VERSION = 1.0;
				PRODUCT_BUNDLE_IDENTIFIER = "somethingrand.Weather-App";
				PRODUCT_NAME = "$(TARGET_NAME)";
				SWIFT_EMIT_LOC_STRINGS = YES;
				SWIFT_VERSION = 5.0;
				TARGETED_DEVICE_FAMILY = "1,2";
			};
			name = Release;
		};
		9E21A4FE2C82813A00FDC018 /* Debug */ = {
			isa = XCBuildConfiguration;
			buildSettings = {
				ALWAYS_EMBED_SWIFT_STANDARD_LIBRARIES = YES;
				BUNDLE_LOADER = "$(TEST_HOST)";
				CODE_SIGN_STYLE = Automatic;
				CURRENT_PROJECT_VERSION = 1;
				DEVELOPMENT_TEAM = XZ6MATXMN3;
				GENERATE_INFOPLIST_FILE = YES;
				IPHONEOS_DEPLOYMENT_TARGET = 17.5;
				MARKETING_VERSION = 1.0;
				PRODUCT_BUNDLE_IDENTIFIER = "Personal.Weather-AppTests";
				PRODUCT_NAME = "$(TARGET_NAME)";
				SWIFT_EMIT_LOC_STRINGS = NO;
				SWIFT_VERSION = 5.0;
				TARGETED_DEVICE_FAMILY = "1,2";
				TEST_HOST = "$(BUILT_PRODUCTS_DIR)/Weather_App.app/$(BUNDLE_EXECUTABLE_FOLDER_PATH)/Weather_App";
			};
			name = Debug;
		};
		9E21A4FF2C82813A00FDC018 /* Release */ = {
			isa = XCBuildConfiguration;
			buildSettings = {
				ALWAYS_EMBED_SWIFT_STANDARD_LIBRARIES = YES;
				BUNDLE_LOADER = "$(TEST_HOST)";
				CODE_SIGN_STYLE = Automatic;
				CURRENT_PROJECT_VERSION = 1;
				DEVELOPMENT_TEAM = XZ6MATXMN3;
				GENERATE_INFOPLIST_FILE = YES;
				IPHONEOS_DEPLOYMENT_TARGET = 17.5;
				MARKETING_VERSION = 1.0;
				PRODUCT_BUNDLE_IDENTIFIER = "Personal.Weather-AppTests";
				PRODUCT_NAME = "$(TARGET_NAME)";
				SWIFT_EMIT_LOC_STRINGS = NO;
				SWIFT_VERSION = 5.0;
				TARGETED_DEVICE_FAMILY = "1,2";
				TEST_HOST = "$(BUILT_PRODUCTS_DIR)/Weather_App.app/$(BUNDLE_EXECUTABLE_FOLDER_PATH)/Weather_App";
			};
			name = Release;
		};
		9E21A5012C82813A00FDC018 /* Debug */ = {
			isa = XCBuildConfiguration;
			buildSettings = {
				ALWAYS_EMBED_SWIFT_STANDARD_LIBRARIES = YES;
				CODE_SIGN_STYLE = Automatic;
				CURRENT_PROJECT_VERSION = 1;
				DEVELOPMENT_TEAM = XZ6MATXMN3;
				GENERATE_INFOPLIST_FILE = YES;
				MARKETING_VERSION = 1.0;
				PRODUCT_BUNDLE_IDENTIFIER = "Personal.Weather-AppUITests";
				PRODUCT_NAME = "$(TARGET_NAME)";
				SWIFT_EMIT_LOC_STRINGS = NO;
				SWIFT_VERSION = 5.0;
				TARGETED_DEVICE_FAMILY = "1,2";
				TEST_TARGET_NAME = Weather_App;
			};
			name = Debug;
		};
		9E21A5022C82813A00FDC018 /* Release */ = {
			isa = XCBuildConfiguration;
			buildSettings = {
				ALWAYS_EMBED_SWIFT_STANDARD_LIBRARIES = YES;
				CODE_SIGN_STYLE = Automatic;
				CURRENT_PROJECT_VERSION = 1;
				DEVELOPMENT_TEAM = XZ6MATXMN3;
				GENERATE_INFOPLIST_FILE = YES;
				MARKETING_VERSION = 1.0;
				PRODUCT_BUNDLE_IDENTIFIER = "Personal.Weather-AppUITests";
				PRODUCT_NAME = "$(TARGET_NAME)";
				SWIFT_EMIT_LOC_STRINGS = NO;
				SWIFT_VERSION = 5.0;
				TARGETED_DEVICE_FAMILY = "1,2";
				TEST_TARGET_NAME = Weather_App;
			};
			name = Release;
		};
/* End XCBuildConfiguration section */

/* Begin XCConfigurationList section */
		9E21A4CF2C82813800FDC018 /* Build configuration list for PBXProject "Weather_App" */ = {
			isa = XCConfigurationList;
			buildConfigurations = (
				9E21A4F82C82813A00FDC018 /* Debug */,
				9E21A4F92C82813A00FDC018 /* Release */,
			);
			defaultConfigurationIsVisible = 0;
			defaultConfigurationName = Release;
		};
		9E21A4FA2C82813A00FDC018 /* Build configuration list for PBXNativeTarget "Weather_App" */ = {
			isa = XCConfigurationList;
			buildConfigurations = (
				9E21A4FB2C82813A00FDC018 /* Debug */,
				9E21A4FC2C82813A00FDC018 /* Release */,
			);
			defaultConfigurationIsVisible = 0;
			defaultConfigurationName = Release;
		};
		9E21A4FD2C82813A00FDC018 /* Build configuration list for PBXNativeTarget "Weather_AppTests" */ = {
			isa = XCConfigurationList;
			buildConfigurations = (
				9E21A4FE2C82813A00FDC018 /* Debug */,
				9E21A4FF2C82813A00FDC018 /* Release */,
			);
			defaultConfigurationIsVisible = 0;
			defaultConfigurationName = Release;
		};
		9E21A5002C82813A00FDC018 /* Build configuration list for PBXNativeTarget "Weather_AppUITests" */ = {
			isa = XCConfigurationList;
			buildConfigurations = (
				9E21A5012C82813A00FDC018 /* Debug */,
				9E21A5022C82813A00FDC018 /* Release */,
			);
			defaultConfigurationIsVisible = 0;
			defaultConfigurationName = Release;
		};
/* End XCConfigurationList section */

/* Begin XCRemoteSwiftPackageReference section */
		9E9CD0232C84109A00652B41 /* XCRemoteSwiftPackageReference "generative-ai-swift" */ = {
			isa = XCRemoteSwiftPackageReference;
			repositoryURL = "https://github.com/google/generative-ai-swift";
			requirement = {
				kind = upToNextMajorVersion;
				minimumVersion = 0.5.6;
			};
		};
/* End XCRemoteSwiftPackageReference section */

/* Begin XCSwiftPackageProductDependency section */
		9E9CD0242C84121600652B41 /* GoogleGenerativeAI */ = {
			isa = XCSwiftPackageProductDependency;
			package = 9E9CD0232C84109A00652B41 /* XCRemoteSwiftPackageReference "generative-ai-swift" */;
			productName = GoogleGenerativeAI;
		};
/* End XCSwiftPackageProductDependency section */
	};
	rootObject = 9E21A4CC2C82813800FDC018 /* Project object */;
}
